
Microsoft Visual Studio Solution File, Format Version 12.00
# Visual Studio Version 17
VisualStudioVersion = 17.14.36603.0 d17.14
MinimumVisualStudioVersion = 10.0.40219.1
Project("{FAE04EC0-301F-11D3-BF4B-00C04F79EFBC}") = "GUI", "GUI.csproj", "{7973EFC4-AAF0-42E4-97D6-DC36DBA19329}"
EndProject
Global
	GlobalSection(SolutionConfigurationPlatforms) = preSolution
		Debug|Any CPU = Debug|Any CPU
		Release|Any CPU = Release|Any CPU
	EndGlobalSection
	GlobalSection(ProjectConfigurationPlatforms) = postSolution
		{7973EFC4-AAF0-42E4-97D6-DC36DBA19329}.Debug|Any CPU.ActiveCfg = Debug|Any CPU
		{7973EFC4-AAF0-42E4-97D6-DC36DBA19329}.Debug|Any CPU.Build.0 = Debug|Any CPU
		{7973EFC4-AAF0-42E4-97D6-DC36DBA19329}.Release|Any CPU.ActiveCfg = Release|Any CPU
		{7973EFC4-AAF0-42E4-97D6-DC36DBA19329}.Release|Any CPU.Build.0 = Release|Any CPU
	EndGlobalSection
	GlobalSection(SolutionProperties) = preSolution
		HideSolutionNode = FALSE
	EndGlobalSection
	GlobalSection(ExtensibilityGlobals) = postSolution
		SolutionGuid = {788966E7-41F6-46D7-A417-DD90A9DD2961}
	EndGlobalSection
EndGlobal
