
Microsoft Visual Studio Solution File, Format Version 12.00
# Visual Studio Version 17
VisualStudioVersion = 17.14.36603.0
MinimumVisualStudioVersion = 10.0.40219.1
Project("{FAE04EC0-301F-11D3-BF4B-00C04F79EFBC}") = "GUI", "GUI.csproj", "{7973EFC4-AAF0-42E4-97D6-DC36DBA19329}"
EndProject
Project("{FAE04EC0-301F-11D3-BF4B-00C04F79EFBC}") = "DAL", "..\DAL\DAL.csproj", "{6C462B4B-3995-4E4E-B823-301C15E8EB44}"
EndProject
Project("{FAE04EC0-301F-11D3-BF4B-00C04F79EFBC}") = "BLL", "..\BLL\BLL.csproj", "{76357367-824F-47C2-A462-6D5F29846FE5}"
EndProject
Project("{2150E333-8FDC-42A3-9474-1A3956D46DE8}") = "Database", "Database", "{02EA681E-C7D8-13C7-8484-4AC65E1B71E8}"
	ProjectSection(SolutionItems) = preProject
		..\..\..\..\SQLQuery1.sql = ..\..\..\..\SQLQuery1.sql
	EndProjectSection
EndProject
Project("{FAE04EC0-301F-11D3-BF4B-00C04F79EFBC}") = "DTO", "..\DTO\DTO.csproj", "{15247F56-7567-4B4D-BBF7-B07048C739A6}"
EndProject
Global
	GlobalSection(SolutionConfigurationPlatforms) = preSolution
		Debug|Any CPU = Debug|Any CPU
		Release|Any CPU = Release|Any CPU
	EndGlobalSection
	GlobalSection(ProjectConfigurationPlatforms) = postSolution
		{7973EFC4-AAF0-42E4-97D6-DC36DBA19329}.Debug|Any CPU.ActiveCfg = Debug|Any CPU
		{7973EFC4-AAF0-42E4-97D6-DC36DBA19329}.Debug|Any CPU.Build.0 = Debug|Any CPU
		{7973EFC4-AAF0-42E4-97D6-DC36DBA19329}.Release|Any CPU.ActiveCfg = Release|Any CPU
		{7973EFC4-AAF0-42E4-97D6-DC36DBA19329}.Release|Any CPU.Build.0 = Release|Any CPU
		{6C462B4B-3995-4E4E-B823-301C15E8EB44}.Debug|Any CPU.ActiveCfg = Debug|Any CPU
		{6C462B4B-3995-4E4E-B823-301C15E8EB44}.Debug|Any CPU.Build.0 = Debug|Any CPU
		{6C462B4B-3995-4E4E-B823-301C15E8EB44}.Release|Any CPU.ActiveCfg = Release|Any CPU
		{6C462B4B-3995-4E4E-B823-301C15E8EB44}.Release|Any CPU.Build.0 = Release|Any CPU
		{76357367-824F-47C2-A462-6D5F29846FE5}.Debug|Any CPU.ActiveCfg = Debug|Any CPU
		{76357367-824F-47C2-A462-6D5F29846FE5}.Debug|Any CPU.Build.0 = Debug|Any CPU
		{76357367-824F-47C2-A462-6D5F29846FE5}.Release|Any CPU.ActiveCfg = Release|Any CPU
		{76357367-824F-47C2-A462-6D5F29846FE5}.Release|Any CPU.Build.0 = Release|Any CPU
		{15247F56-7567-4B4D-BBF7-B07048C739A6}.Debug|Any CPU.ActiveCfg = Debug|Any CPU
		{15247F56-7567-4B4D-BBF7-B07048C739A6}.Debug|Any CPU.Build.0 = Debug|Any CPU
		{15247F56-7567-4B4D-BBF7-B07048C739A6}.Release|Any CPU.ActiveCfg = Release|Any CPU
		{15247F56-7567-4B4D-BBF7-B07048C739A6}.Release|Any CPU.Build.0 = Release|Any CPU
	EndGlobalSection
	GlobalSection(SolutionProperties) = preSolution
		HideSolutionNode = FALSE
	EndGlobalSection
	GlobalSection(ExtensibilityGlobals) = postSolution
		SolutionGuid = {788966E7-41F6-46D7-A417-DD90A9DD2961}
	EndGlobalSection
EndGlobal
